
Microsoft Visual Studio Solution File, Format Version 12.00
# Visual Studio Version 17
VisualStudioVersion = 17.0.32014.148
MinimumVisualStudioVersion = 10.0.40219.1
Project("{FAE04EC0-301F-11D3-BF4B-00C04F79EFBC}") = "TVShop", "TVShop.csproj", "{9BE72872-8128-4C65-A31A-F932A6A1F756}"
EndProject
Global
	GlobalSection(SolutionConfigurationPlatforms) = preSolution
		Debug|Any CPU = Debug|Any CPU
		Release|Any CPU = Release|Any CPU
	EndGlobalSection
	GlobalSection(ProjectConfigurationPlatforms) = postSolution
		{9BE72872-8128-4C65-A31A-F932A6A1F756}.Debug|Any CPU.ActiveCfg = Debug|Any CPU
		{9BE72872-8128-4C65-A31A-F932A6A1F756}.Debug|Any CPU.Build.0 = Debug|Any CPU
		{9BE72872-8128-4C65-A31A-F932A6A1F756}.Release|Any CPU.ActiveCfg = Release|Any CPU
		{9BE72872-8128-4C65-A31A-F932A6A1F756}.Release|Any CPU.Build.0 = Release|Any CPU
	EndGlobalSection
	GlobalSection(SolutionProperties) = preSolution
		HideSolutionNode = FALSE
	EndGlobalSection
	GlobalSection(ExtensibilityGlobals) = postSolution
		SolutionGuid = {CE6B76BF-2C74-46BF-B1FF-FDCEF18C90A3}
	EndGlobalSection
EndGlobal
