
Microsoft Visual Studio Solution File, Format Version 12.00
# Visual Studio Version 17
VisualStudioVersion = 17.0.32014.148
MinimumVisualStudioVersion = 10.0.40219.1
Project("{FAE04EC0-301F-11D3-BF4B-00C04F79EFBC}") = "TVShop", "TVShop.csproj", "{9B0DF6EF-23F9-4098-8DDA-08DCC5539FDC}"
EndProject
Global
	GlobalSection(SolutionConfigurationPlatforms) = preSolution
		Debug|Any CPU = Debug|Any CPU
		Release|Any CPU = Release|Any CPU
	EndGlobalSection
	GlobalSection(ProjectConfigurationPlatforms) = postSolution
		{9B0DF6EF-23F9-4098-8DDA-08DCC5539FDC}.Debug|Any CPU.ActiveCfg = Debug|Any CPU
		{9B0DF6EF-23F9-4098-8DDA-08DCC5539FDC}.Debug|Any CPU.Build.0 = Debug|Any CPU
		{9B0DF6EF-23F9-4098-8DDA-08DCC5539FDC}.Release|Any CPU.ActiveCfg = Release|Any CPU
		{9B0DF6EF-23F9-4098-8DDA-08DCC5539FDC}.Release|Any CPU.Build.0 = Release|Any CPU
	EndGlobalSection
	GlobalSection(SolutionProperties) = preSolution
		HideSolutionNode = FALSE
	EndGlobalSection
	GlobalSection(ExtensibilityGlobals) = postSolution
		SolutionGuid = {CC7A35DC-8965-44A0-ADDA-C7E8D56D6ABB}
	EndGlobalSection
EndGlobal
